
Microsoft Visual Studio Solution File, Format Version 12.00
# Visual Studio Version 17
VisualStudioVersion = 17.6.33829.357
MinimumVisualStudioVersion = 10.0.40219.1
Project("{FAE04EC0-301F-11D3-BF4B-00C04F79EFBC}") = "E-Commerce", "E-Commerce.csproj", "{A296494C-D691-4DB5-938F-3F3767548539}"
EndProject
Global
	GlobalSection(SolutionConfigurationPlatforms) = preSolution
		Debug|Any CPU = Debug|Any CPU
		Release|Any CPU = Release|Any CPU
	EndGlobalSection
	GlobalSection(ProjectConfigurationPlatforms) = postSolution
		{A296494C-D691-4DB5-938F-3F3767548539}.Debug|Any CPU.ActiveCfg = Debug|Any CPU
		{A296494C-D691-4DB5-938F-3F3767548539}.Debug|Any CPU.Build.0 = Debug|Any CPU
		{A296494C-D691-4DB5-938F-3F3767548539}.Release|Any CPU.ActiveCfg = Release|Any CPU
		{A296494C-D691-4DB5-938F-3F3767548539}.Release|Any CPU.Build.0 = Release|Any CPU
	EndGlobalSection
	GlobalSection(SolutionProperties) = preSolution
		HideSolutionNode = FALSE
	EndGlobalSection
	GlobalSection(ExtensibilityGlobals) = postSolution
		SolutionGuid = {C6A1F017-C34F-473A-95E0-A44C5F84FCE3}
	EndGlobalSection
EndGlobal
